
Microsoft Visual Studio Solution File, Format Version 12.00
# Visual Studio Version 17
VisualStudioVersion = 17.13.35818.85
MinimumVisualStudioVersion = 10.0.40219.1
Project("{FAE04EC0-301F-11D3-BF4B-00C04F79EFBC}") = "Checkpoint.API", "Checkpoint.API\Checkpoint.API.csproj", "{51D99D5B-0035-47BD-940A-63B50394AE09}"
EndProject
Project("{FAE04EC0-301F-11D3-BF4B-00C04F79EFBC}") = "Checkpoint.IdentityServer", "Checkpoint.IdentityServer\Checkpoint.IdentityServer.csproj", "{8BD05A10-CC31-40FC-9D70-C5773B0EAEBA}"
EndProject
Global
	GlobalSection(SolutionConfigurationPlatforms) = preSolution
		Debug|Any CPU = Debug|Any CPU
		Release|Any CPU = Release|Any CPU
	EndGlobalSection
	GlobalSection(ProjectConfigurationPlatforms) = postSolution
		{51D99D5B-0035-47BD-940A-63B50394AE09}.Debug|Any CPU.ActiveCfg = Debug|Any CPU
		{51D99D5B-0035-47BD-940A-63B50394AE09}.Debug|Any CPU.Build.0 = Debug|Any CPU
		{51D99D5B-0035-47BD-940A-63B50394AE09}.Release|Any CPU.ActiveCfg = Release|Any CPU
		{51D99D5B-0035-47BD-940A-63B50394AE09}.Release|Any CPU.Build.0 = Release|Any CPU
		{8BD05A10-CC31-40FC-9D70-C5773B0EAEBA}.Debug|Any CPU.ActiveCfg = Debug|Any CPU
		{8BD05A10-CC31-40FC-9D70-C5773B0EAEBA}.Debug|Any CPU.Build.0 = Debug|Any CPU
		{8BD05A10-CC31-40FC-9D70-C5773B0EAEBA}.Release|Any CPU.ActiveCfg = Release|Any CPU
		{8BD05A10-CC31-40FC-9D70-C5773B0EAEBA}.Release|Any CPU.Build.0 = Release|Any CPU
	EndGlobalSection
	GlobalSection(SolutionProperties) = preSolution
		HideSolutionNode = FALSE
	EndGlobalSection
	GlobalSection(ExtensibilityGlobals) = postSolution
		SolutionGuid = {E9810055-202E-4FBD-A66E-E135D632EE5D}
	EndGlobalSection
EndGlobal
